
Microsoft Visual Studio Solution File, Format Version 12.00
# Visual Studio Version 17
VisualStudioVersion = 17.0.32014.148
MinimumVisualStudioVersion = 10.0.40219.1
Project("{9A19103F-16F7-4668-BE54-9A1E7A4F7556}") = "NanoTrans", "WpfApplication2\NanoTrans.csproj", "{D7836B04-9AB2-44B6-B976-73C2E4420A0B}"
	ProjectSection(ProjectDependencies) = postProject
		{34699257-4E91-48A8-B952-489E67B6C4E9} = {34699257-4E91-48A8-B952-489E67B6C4E9}
		{7C825F64-161C-404F-AB90-66881368A664} = {7C825F64-161C-404F-AB90-66881368A664}
		{29BB5075-D0D7-4820-A897-42F44858EC9C} = {29BB5075-D0D7-4820-A897-42F44858EC9C}
		{03BD297D-1EFE-46B6-B303-910F04FDD41E} = {03BD297D-1EFE-46B6-B303-910F04FDD41E}
		{C505C2D7-EA76-447F-97E9-C033694D1FAD} = {C505C2D7-EA76-447F-97E9-C033694D1FAD}
	EndProjectSection
EndProject
Project("{FAE04EC0-301F-11D3-BF4B-00C04F79EFBC}") = "Pedals", "Pedals\Pedals.csproj", "{29BB5075-D0D7-4820-A897-42F44858EC9C}"
EndProject
Project("{9A19103F-16F7-4668-BE54-9A1E7A4F7556}") = "ResPlugin", "TrsxV1Plugin\ResPlugin.csproj", "{34699257-4E91-48A8-B952-489E67B6C4E9}"
EndProject
Project("{9A19103F-16F7-4668-BE54-9A1E7A4F7556}") = "ExePlugin", "ExePlugin\ExePlugin.csproj", "{7C825F64-161C-404F-AB90-66881368A664}"
EndProject
Project("{9A19103F-16F7-4668-BE54-9A1E7A4F7556}") = "SRTPlugin", "SRTPlugin\SRTPlugin.csproj", "{C505C2D7-EA76-447F-97E9-C033694D1FAD}"
EndProject
Project("{9A19103F-16F7-4668-BE54-9A1E7A4F7556}") = "FakeTrsxPlugin", "FakeTrsxPlugin\FakeTrsxPlugin.csproj", "{03BD297D-1EFE-46B6-B303-910F04FDD41E}"
EndProject
Project("{9A19103F-16F7-4668-BE54-9A1E7A4F7556}") = "TranscriptionCore", "TranscriptionCore\TranscriptionCore.csproj", "{0E75B132-7182-469B-995D-4F6768F9BA59}"
EndProject
Global
	GlobalSection(SolutionConfigurationPlatforms) = preSolution
		Debug|Any CPU = Debug|Any CPU
		Debug|Mixed Platforms = Debug|Mixed Platforms
		Debug|x86 = Debug|x86
		Release|Any CPU = Release|Any CPU
		Release|Mixed Platforms = Release|Mixed Platforms
		Release|x86 = Release|x86
	EndGlobalSection
	GlobalSection(ProjectConfigurationPlatforms) = postSolution
		{D7836B04-9AB2-44B6-B976-73C2E4420A0B}.Debug|Any CPU.ActiveCfg = Debug|Any CPU
		{D7836B04-9AB2-44B6-B976-73C2E4420A0B}.Debug|Any CPU.Build.0 = Debug|Any CPU
		{D7836B04-9AB2-44B6-B976-73C2E4420A0B}.Debug|Mixed Platforms.ActiveCfg = Debug|Any CPU
		{D7836B04-9AB2-44B6-B976-73C2E4420A0B}.Debug|Mixed Platforms.Build.0 = Debug|Any CPU
		{D7836B04-9AB2-44B6-B976-73C2E4420A0B}.Debug|x86.ActiveCfg = Debug|x86
		{D7836B04-9AB2-44B6-B976-73C2E4420A0B}.Debug|x86.Build.0 = Debug|x86
		{D7836B04-9AB2-44B6-B976-73C2E4420A0B}.Release|Any CPU.ActiveCfg = Release|x86
		{D7836B04-9AB2-44B6-B976-73C2E4420A0B}.Release|Any CPU.Build.0 = Release|x86
		{D7836B04-9AB2-44B6-B976-73C2E4420A0B}.Release|Mixed Platforms.ActiveCfg = Release|Any CPU
		{D7836B04-9AB2-44B6-B976-73C2E4420A0B}.Release|Mixed Platforms.Build.0 = Release|Any CPU
		{D7836B04-9AB2-44B6-B976-73C2E4420A0B}.Release|x86.ActiveCfg = Release|x86
		{D7836B04-9AB2-44B6-B976-73C2E4420A0B}.Release|x86.Build.0 = Release|x86
		{29BB5075-D0D7-4820-A897-42F44858EC9C}.Debug|Any CPU.ActiveCfg = Debug|Any CPU
		{29BB5075-D0D7-4820-A897-42F44858EC9C}.Debug|Any CPU.Build.0 = Debug|Any CPU
		{29BB5075-D0D7-4820-A897-42F44858EC9C}.Debug|Mixed Platforms.ActiveCfg = Debug|Any CPU
		{29BB5075-D0D7-4820-A897-42F44858EC9C}.Debug|Mixed Platforms.Build.0 = Debug|Any CPU
		{29BB5075-D0D7-4820-A897-42F44858EC9C}.Debug|x86.ActiveCfg = Debug|Any CPU
		{29BB5075-D0D7-4820-A897-42F44858EC9C}.Debug|x86.Build.0 = Debug|Any CPU
		{29BB5075-D0D7-4820-A897-42F44858EC9C}.Release|Any CPU.ActiveCfg = Release|Any CPU
		{29BB5075-D0D7-4820-A897-42F44858EC9C}.Release|Any CPU.Build.0 = Release|Any CPU
		{29BB5075-D0D7-4820-A897-42F44858EC9C}.Release|Mixed Platforms.ActiveCfg = Release|Any CPU
		{29BB5075-D0D7-4820-A897-42F44858EC9C}.Release|Mixed Platforms.Build.0 = Release|Any CPU
		{29BB5075-D0D7-4820-A897-42F44858EC9C}.Release|x86.ActiveCfg = Release|Any CPU
		{29BB5075-D0D7-4820-A897-42F44858EC9C}.Release|x86.Build.0 = Release|Any CPU
		{34699257-4E91-48A8-B952-489E67B6C4E9}.Debug|Any CPU.ActiveCfg = Debug|Any CPU
		{34699257-4E91-48A8-B952-489E67B6C4E9}.Debug|Any CPU.Build.0 = Debug|Any CPU
		{34699257-4E91-48A8-B952-489E67B6C4E9}.Debug|Mixed Platforms.ActiveCfg = Debug|Any CPU
		{34699257-4E91-48A8-B952-489E67B6C4E9}.Debug|Mixed Platforms.Build.0 = Debug|Any CPU
		{34699257-4E91-48A8-B952-489E67B6C4E9}.Debug|x86.ActiveCfg = Debug|Any CPU
		{34699257-4E91-48A8-B952-489E67B6C4E9}.Debug|x86.Build.0 = Debug|Any CPU
		{34699257-4E91-48A8-B952-489E67B6C4E9}.Release|Any CPU.ActiveCfg = Release|Any CPU
		{34699257-4E91-48A8-B952-489E67B6C4E9}.Release|Any CPU.Build.0 = Release|Any CPU
		{34699257-4E91-48A8-B952-489E67B6C4E9}.Release|Mixed Platforms.ActiveCfg = Release|Any CPU
		{34699257-4E91-48A8-B952-489E67B6C4E9}.Release|Mixed Platforms.Build.0 = Release|Any CPU
		{34699257-4E91-48A8-B952-489E67B6C4E9}.Release|x86.ActiveCfg = Release|Any CPU
		{34699257-4E91-48A8-B952-489E67B6C4E9}.Release|x86.Build.0 = Release|Any CPU
		{7C825F64-161C-404F-AB90-66881368A664}.Debug|Any CPU.ActiveCfg = Debug|Any CPU
		{7C825F64-161C-404F-AB90-66881368A664}.Debug|Any CPU.Build.0 = Debug|Any CPU
		{7C825F64-161C-404F-AB90-66881368A664}.Debug|Mixed Platforms.ActiveCfg = Debug|Any CPU
		{7C825F64-161C-404F-AB90-66881368A664}.Debug|Mixed Platforms.Build.0 = Debug|Any CPU
		{7C825F64-161C-404F-AB90-66881368A664}.Debug|x86.ActiveCfg = Debug|Any CPU
		{7C825F64-161C-404F-AB90-66881368A664}.Debug|x86.Build.0 = Debug|Any CPU
		{7C825F64-161C-404F-AB90-66881368A664}.Release|Any CPU.ActiveCfg = Release|Any CPU
		{7C825F64-161C-404F-AB90-66881368A664}.Release|Any CPU.Build.0 = Release|Any CPU
		{7C825F64-161C-404F-AB90-66881368A664}.Release|Mixed Platforms.ActiveCfg = Release|Any CPU
		{7C825F64-161C-404F-AB90-66881368A664}.Release|Mixed Platforms.Build.0 = Release|Any CPU
		{7C825F64-161C-404F-AB90-66881368A664}.Release|x86.ActiveCfg = Release|Any CPU
		{7C825F64-161C-404F-AB90-66881368A664}.Release|x86.Build.0 = Release|Any CPU
		{C505C2D7-EA76-447F-97E9-C033694D1FAD}.Debug|Any CPU.ActiveCfg = Debug|Any CPU
		{C505C2D7-EA76-447F-97E9-C033694D1FAD}.Debug|Any CPU.Build.0 = Debug|Any CPU
		{C505C2D7-EA76-447F-97E9-C033694D1FAD}.Debug|Mixed Platforms.ActiveCfg = Debug|Any CPU
		{C505C2D7-EA76-447F-97E9-C033694D1FAD}.Debug|Mixed Platforms.Build.0 = Debug|Any CPU
		{C505C2D7-EA76-447F-97E9-C033694D1FAD}.Debug|x86.ActiveCfg = Debug|Any CPU
		{C505C2D7-EA76-447F-97E9-C033694D1FAD}.Release|Any CPU.ActiveCfg = Release|Any CPU
		{C505C2D7-EA76-447F-97E9-C033694D1FAD}.Release|Any CPU.Build.0 = Release|Any CPU
		{C505C2D7-EA76-447F-97E9-C033694D1FAD}.Release|Mixed Platforms.ActiveCfg = Release|Any CPU
		{C505C2D7-EA76-447F-97E9-C033694D1FAD}.Release|Mixed Platforms.Build.0 = Release|Any CPU
		{C505C2D7-EA76-447F-97E9-C033694D1FAD}.Release|x86.ActiveCfg = Release|Any CPU
		{03BD297D-1EFE-46B6-B303-910F04FDD41E}.Debug|Any CPU.ActiveCfg = Debug|Any CPU
		{03BD297D-1EFE-46B6-B303-910F04FDD41E}.Debug|Any CPU.Build.0 = Debug|Any CPU
		{03BD297D-1EFE-46B6-B303-910F04FDD41E}.Debug|Mixed Platforms.ActiveCfg = Debug|Any CPU
		{03BD297D-1EFE-46B6-B303-910F04FDD41E}.Debug|Mixed Platforms.Build.0 = Debug|Any CPU
		{03BD297D-1EFE-46B6-B303-910F04FDD41E}.Debug|x86.ActiveCfg = Debug|Any CPU
		{03BD297D-1EFE-46B6-B303-910F04FDD41E}.Release|Any CPU.ActiveCfg = Release|Any CPU
		{03BD297D-1EFE-46B6-B303-910F04FDD41E}.Release|Any CPU.Build.0 = Release|Any CPU
		{03BD297D-1EFE-46B6-B303-910F04FDD41E}.Release|Mixed Platforms.ActiveCfg = Release|Any CPU
		{03BD297D-1EFE-46B6-B303-910F04FDD41E}.Release|Mixed Platforms.Build.0 = Release|Any CPU
		{03BD297D-1EFE-46B6-B303-910F04FDD41E}.Release|x86.ActiveCfg = Release|Any CPU
		{0E75B132-7182-469B-995D-4F6768F9BA59}.Debug|Any CPU.ActiveCfg = Debug|Any CPU
		{0E75B132-7182-469B-995D-4F6768F9BA59}.Debug|Any CPU.Build.0 = Debug|Any CPU
		{0E75B132-7182-469B-995D-4F6768F9BA59}.Debug|Mixed Platforms.ActiveCfg = Debug|Any CPU
		{0E75B132-7182-469B-995D-4F6768F9BA59}.Debug|Mixed Platforms.Build.0 = Debug|Any CPU
		{0E75B132-7182-469B-995D-4F6768F9BA59}.Debug|x86.ActiveCfg = Debug|Any CPU
		{0E75B132-7182-469B-995D-4F6768F9BA59}.Debug|x86.Build.0 = Debug|Any CPU
		{0E75B132-7182-469B-995D-4F6768F9BA59}.Release|Any CPU.ActiveCfg = Release|Any CPU
		{0E75B132-7182-469B-995D-4F6768F9BA59}.Release|Any CPU.Build.0 = Release|Any CPU
		{0E75B132-7182-469B-995D-4F6768F9BA59}.Release|Mixed Platforms.ActiveCfg = Release|Any CPU
		{0E75B132-7182-469B-995D-4F6768F9BA59}.Release|Mixed Platforms.Build.0 = Release|Any CPU
		{0E75B132-7182-469B-995D-4F6768F9BA59}.Release|x86.ActiveCfg = Release|Any CPU
		{0E75B132-7182-469B-995D-4F6768F9BA59}.Release|x86.Build.0 = Release|Any CPU
	EndGlobalSection
	GlobalSection(SolutionProperties) = preSolution
		HideSolutionNode = FALSE
	EndGlobalSection
	GlobalSection(ExtensibilityGlobals) = postSolution
		SolutionGuid = {BBCED4BF-8C46-4E22-A5D4-7EF5A20DF1EC}
	EndGlobalSection
	GlobalSection(NDepend) = preSolution
		Project = ""
	EndGlobalSection
EndGlobal
