
Microsoft Visual Studio Solution File, Format Version 11.00
# Visual Studio 2010
Project("{FAE04EC0-301F-11D3-BF4B-00C04F79EFBC}") = "NanoTrans", "WpfApplication2\NanoTrans.csproj", "{D7836B04-9AB2-44B6-B976-73C2E4420A0B}"
EndProject
Project("{2150E333-8FDC-42A3-9474-1A3956D46DE8}") = "Solution Items", "Solution Items", "{EA1E78C1-A15A-46B3-8837-B3B2D27F1784}"
	ProjectSection(SolutionItems) = preProject
		Performance1.psess = Performance1.psess
		Performance2.psess = Performance2.psess
	EndProjectSection
EndProject
Project("{FAE04EC0-301F-11D3-BF4B-00C04F79EFBC}") = "SVNVersioning", "SVNVersioning\SVNVersioning.csproj", "{C70B3BB5-998F-4BA5-903F-C4C94A25F141}"
EndProject
Project("{FAE04EC0-301F-11D3-BF4B-00C04F79EFBC}") = "Updater", "Updater\Updater.csproj", "{6074B170-B13A-479B-BF3F-AD4D1E816CEA}"
EndProject
Project("{FAE04EC0-301F-11D3-BF4B-00C04F79EFBC}") = "UpdateBuilder", "UpdateBuilder\UpdateBuilder.csproj", "{3C459C1F-8FFB-4590-868A-6051D772BC66}"
EndProject
Project("{FAE04EC0-301F-11D3-BF4B-00C04F79EFBC}") = "Pedals", "Pedals\Pedals.csproj", "{29BB5075-D0D7-4820-A897-42F44858EC9C}"
EndProject
Project("{FAE04EC0-301F-11D3-BF4B-00C04F79EFBC}") = "TrsxV1Plugin", "TrsxV1Plugin\TrsxV1Plugin.csproj", "{34699257-4E91-48A8-B952-489E67B6C4E9}"
EndProject
Project("{FAE04EC0-301F-11D3-BF4B-00C04F79EFBC}") = "ExePlugin", "ExePlugin\ExePlugin.csproj", "{7C825F64-161C-404F-AB90-66881368A664}"
EndProject
Global
	GlobalSection(SolutionConfigurationPlatforms) = preSolution
		Debug|Any CPU = Debug|Any CPU
		Debug|Mixed Platforms = Debug|Mixed Platforms
		Debug|x86 = Debug|x86
		Release|Any CPU = Release|Any CPU
		Release|Mixed Platforms = Release|Mixed Platforms
		Release|x86 = Release|x86
	EndGlobalSection
	GlobalSection(ProjectConfigurationPlatforms) = postSolution
		{D7836B04-9AB2-44B6-B976-73C2E4420A0B}.Debug|Any CPU.ActiveCfg = Debug|x86
		{D7836B04-9AB2-44B6-B976-73C2E4420A0B}.Debug|Mixed Platforms.ActiveCfg = Debug|x86
		{D7836B04-9AB2-44B6-B976-73C2E4420A0B}.Debug|Mixed Platforms.Build.0 = Debug|x86
		{D7836B04-9AB2-44B6-B976-73C2E4420A0B}.Debug|x86.ActiveCfg = Debug|x86
		{D7836B04-9AB2-44B6-B976-73C2E4420A0B}.Debug|x86.Build.0 = Debug|x86
		{D7836B04-9AB2-44B6-B976-73C2E4420A0B}.Release|Any CPU.ActiveCfg = Release|x86
		{D7836B04-9AB2-44B6-B976-73C2E4420A0B}.Release|Mixed Platforms.ActiveCfg = Release|x86
		{D7836B04-9AB2-44B6-B976-73C2E4420A0B}.Release|Mixed Platforms.Build.0 = Release|x86
		{D7836B04-9AB2-44B6-B976-73C2E4420A0B}.Release|x86.ActiveCfg = Release|x86
		{D7836B04-9AB2-44B6-B976-73C2E4420A0B}.Release|x86.Build.0 = Release|x86
		{C70B3BB5-998F-4BA5-903F-C4C94A25F141}.Debug|Any CPU.ActiveCfg = Debug|x86
		{C70B3BB5-998F-4BA5-903F-C4C94A25F141}.Debug|Mixed Platforms.ActiveCfg = Debug|x86
		{C70B3BB5-998F-4BA5-903F-C4C94A25F141}.Debug|Mixed Platforms.Build.0 = Debug|x86
		{C70B3BB5-998F-4BA5-903F-C4C94A25F141}.Debug|x86.ActiveCfg = Debug|x86
		{C70B3BB5-998F-4BA5-903F-C4C94A25F141}.Debug|x86.Build.0 = Debug|x86
		{C70B3BB5-998F-4BA5-903F-C4C94A25F141}.Release|Any CPU.ActiveCfg = Release|x86
		{C70B3BB5-998F-4BA5-903F-C4C94A25F141}.Release|Mixed Platforms.ActiveCfg = Release|x86
		{C70B3BB5-998F-4BA5-903F-C4C94A25F141}.Release|Mixed Platforms.Build.0 = Release|x86
		{C70B3BB5-998F-4BA5-903F-C4C94A25F141}.Release|x86.ActiveCfg = Release|x86
		{C70B3BB5-998F-4BA5-903F-C4C94A25F141}.Release|x86.Build.0 = Release|x86
		{6074B170-B13A-479B-BF3F-AD4D1E816CEA}.Debug|Any CPU.ActiveCfg = Debug|x86
		{6074B170-B13A-479B-BF3F-AD4D1E816CEA}.Debug|Mixed Platforms.ActiveCfg = Debug|x86
		{6074B170-B13A-479B-BF3F-AD4D1E816CEA}.Debug|Mixed Platforms.Build.0 = Debug|x86
		{6074B170-B13A-479B-BF3F-AD4D1E816CEA}.Debug|x86.ActiveCfg = Debug|x86
		{6074B170-B13A-479B-BF3F-AD4D1E816CEA}.Debug|x86.Build.0 = Debug|x86
		{6074B170-B13A-479B-BF3F-AD4D1E816CEA}.Release|Any CPU.ActiveCfg = Release|x86
		{6074B170-B13A-479B-BF3F-AD4D1E816CEA}.Release|Mixed Platforms.ActiveCfg = Release|x86
		{6074B170-B13A-479B-BF3F-AD4D1E816CEA}.Release|Mixed Platforms.Build.0 = Release|x86
		{6074B170-B13A-479B-BF3F-AD4D1E816CEA}.Release|x86.ActiveCfg = Release|x86
		{6074B170-B13A-479B-BF3F-AD4D1E816CEA}.Release|x86.Build.0 = Release|x86
		{3C459C1F-8FFB-4590-868A-6051D772BC66}.Debug|Any CPU.ActiveCfg = Debug|x86
		{3C459C1F-8FFB-4590-868A-6051D772BC66}.Debug|Mixed Platforms.ActiveCfg = Debug|x86
		{3C459C1F-8FFB-4590-868A-6051D772BC66}.Debug|Mixed Platforms.Build.0 = Debug|x86
		{3C459C1F-8FFB-4590-868A-6051D772BC66}.Debug|x86.ActiveCfg = Debug|x86
		{3C459C1F-8FFB-4590-868A-6051D772BC66}.Debug|x86.Build.0 = Debug|x86
		{3C459C1F-8FFB-4590-868A-6051D772BC66}.Release|Any CPU.ActiveCfg = Release|x86
		{3C459C1F-8FFB-4590-868A-6051D772BC66}.Release|Mixed Platforms.ActiveCfg = Release|x86
		{3C459C1F-8FFB-4590-868A-6051D772BC66}.Release|Mixed Platforms.Build.0 = Release|x86
		{3C459C1F-8FFB-4590-868A-6051D772BC66}.Release|x86.ActiveCfg = Release|x86
		{3C459C1F-8FFB-4590-868A-6051D772BC66}.Release|x86.Build.0 = Release|x86
		{29BB5075-D0D7-4820-A897-42F44858EC9C}.Debug|Any CPU.ActiveCfg = Debug|x86
		{29BB5075-D0D7-4820-A897-42F44858EC9C}.Debug|Mixed Platforms.ActiveCfg = Debug|x86
		{29BB5075-D0D7-4820-A897-42F44858EC9C}.Debug|Mixed Platforms.Build.0 = Debug|x86
		{29BB5075-D0D7-4820-A897-42F44858EC9C}.Debug|x86.ActiveCfg = Debug|x86
		{29BB5075-D0D7-4820-A897-42F44858EC9C}.Debug|x86.Build.0 = Debug|x86
		{29BB5075-D0D7-4820-A897-42F44858EC9C}.Release|Any CPU.ActiveCfg = Release|x86
		{29BB5075-D0D7-4820-A897-42F44858EC9C}.Release|Mixed Platforms.ActiveCfg = Release|x86
		{29BB5075-D0D7-4820-A897-42F44858EC9C}.Release|Mixed Platforms.Build.0 = Release|x86
		{29BB5075-D0D7-4820-A897-42F44858EC9C}.Release|x86.ActiveCfg = Release|x86
		{29BB5075-D0D7-4820-A897-42F44858EC9C}.Release|x86.Build.0 = Release|x86
		{34699257-4E91-48A8-B952-489E67B6C4E9}.Debug|Any CPU.ActiveCfg = Debug|Any CPU
		{34699257-4E91-48A8-B952-489E67B6C4E9}.Debug|Any CPU.Build.0 = Debug|Any CPU
		{34699257-4E91-48A8-B952-489E67B6C4E9}.Debug|Mixed Platforms.ActiveCfg = Debug|Any CPU
		{34699257-4E91-48A8-B952-489E67B6C4E9}.Debug|Mixed Platforms.Build.0 = Debug|Any CPU
		{34699257-4E91-48A8-B952-489E67B6C4E9}.Debug|x86.ActiveCfg = Debug|Any CPU
		{34699257-4E91-48A8-B952-489E67B6C4E9}.Release|Any CPU.ActiveCfg = Release|Any CPU
		{34699257-4E91-48A8-B952-489E67B6C4E9}.Release|Any CPU.Build.0 = Release|Any CPU
		{34699257-4E91-48A8-B952-489E67B6C4E9}.Release|Mixed Platforms.ActiveCfg = Release|Any CPU
		{34699257-4E91-48A8-B952-489E67B6C4E9}.Release|Mixed Platforms.Build.0 = Release|Any CPU
		{34699257-4E91-48A8-B952-489E67B6C4E9}.Release|x86.ActiveCfg = Release|Any CPU
		{34699257-4E91-48A8-B952-489E67B6C4E9}.Release|x86.Build.0 = Release|Any CPU
		{7C825F64-161C-404F-AB90-66881368A664}.Debug|Any CPU.ActiveCfg = Debug|x86
		{7C825F64-161C-404F-AB90-66881368A664}.Debug|Mixed Platforms.ActiveCfg = Debug|x86
		{7C825F64-161C-404F-AB90-66881368A664}.Debug|Mixed Platforms.Build.0 = Debug|x86
		{7C825F64-161C-404F-AB90-66881368A664}.Debug|x86.ActiveCfg = Debug|x86
		{7C825F64-161C-404F-AB90-66881368A664}.Debug|x86.Build.0 = Debug|x86
		{7C825F64-161C-404F-AB90-66881368A664}.Release|Any CPU.ActiveCfg = Release|x86
		{7C825F64-161C-404F-AB90-66881368A664}.Release|Mixed Platforms.ActiveCfg = Release|x86
		{7C825F64-161C-404F-AB90-66881368A664}.Release|Mixed Platforms.Build.0 = Release|x86
		{7C825F64-161C-404F-AB90-66881368A664}.Release|x86.ActiveCfg = Release|x86
		{7C825F64-161C-404F-AB90-66881368A664}.Release|x86.Build.0 = Release|x86
	EndGlobalSection
	GlobalSection(SolutionProperties) = preSolution
		HideSolutionNode = FALSE
	EndGlobalSection
	GlobalSection(NDepend) = preSolution
		Project = ""
	EndGlobalSection
EndGlobal
