
Microsoft Visual Studio Solution File, Format Version 12.00
# Visual Studio 2013
VisualStudioVersion = 12.0.30110.0
MinimumVisualStudioVersion = 10.0.40219.1
Project("{FAE04EC0-301F-11D3-BF4B-00C04F79EFBC}") = "NanoTrans", "WpfApplication2\NanoTrans.csproj", "{D7836B04-9AB2-44B6-B976-73C2E4420A0B}"
	ProjectSection(ProjectDependencies) = postProject
		{34699257-4E91-48A8-B952-489E67B6C4E9} = {34699257-4E91-48A8-B952-489E67B6C4E9}
		{56190F63-F32A-40D3-8EC6-DE5F0972959A} = {56190F63-F32A-40D3-8EC6-DE5F0972959A}
		{7C825F64-161C-404F-AB90-66881368A664} = {7C825F64-161C-404F-AB90-66881368A664}
		{C505C2D7-EA76-447F-97E9-C033694D1FAD} = {C505C2D7-EA76-447F-97E9-C033694D1FAD}
	EndProjectSection
EndProject
Project("{2150E333-8FDC-42A3-9474-1A3956D46DE8}") = "Solution Items", "Solution Items", "{EA1E78C1-A15A-46B3-8837-B3B2D27F1784}"
EndProject
Project("{FAE04EC0-301F-11D3-BF4B-00C04F79EFBC}") = "SVNVersioning", "SVNVersioning\SVNVersioning.csproj", "{C70B3BB5-998F-4BA5-903F-C4C94A25F141}"
EndProject
Project("{FAE04EC0-301F-11D3-BF4B-00C04F79EFBC}") = "Updater", "Updater\Updater.csproj", "{6074B170-B13A-479B-BF3F-AD4D1E816CEA}"
EndProject
Project("{FAE04EC0-301F-11D3-BF4B-00C04F79EFBC}") = "UpdateBuilder", "UpdateBuilder\UpdateBuilder.csproj", "{3C459C1F-8FFB-4590-868A-6051D772BC66}"
EndProject
Project("{FAE04EC0-301F-11D3-BF4B-00C04F79EFBC}") = "Pedals", "Pedals\Pedals.csproj", "{29BB5075-D0D7-4820-A897-42F44858EC9C}"
EndProject
Project("{FAE04EC0-301F-11D3-BF4B-00C04F79EFBC}") = "ResPlugin", "TrsxV1Plugin\ResPlugin.csproj", "{34699257-4E91-48A8-B952-489E67B6C4E9}"
EndProject
Project("{FAE04EC0-301F-11D3-BF4B-00C04F79EFBC}") = "ExePlugin", "ExePlugin\ExePlugin.csproj", "{7C825F64-161C-404F-AB90-66881368A664}"
EndProject
Project("{FAE04EC0-301F-11D3-BF4B-00C04F79EFBC}") = "NvxPlugin", "NvxPlugin\NvxPlugin.csproj", "{56190F63-F32A-40D3-8EC6-DE5F0972959A}"
EndProject
Project("{FAE04EC0-301F-11D3-BF4B-00C04F79EFBC}") = "NanoTrans.Core", "Transcription\NanoTrans.Core.csproj", "{80737CA6-01DA-4E8C-A2C2-EC9D066D24D6}"
EndProject
Project("{930C7802-8A8C-48F9-8165-68863BCCD9DD}") = "Setup", "Setup\Setup.wixproj", "{D5D287C2-178C-494B-BE60-A1FD29FA276E}"
EndProject
Project("{FAE04EC0-301F-11D3-BF4B-00C04F79EFBC}") = "SRTPlugin", "SRTPlugin\SRTPlugin.csproj", "{C505C2D7-EA76-447F-97E9-C033694D1FAD}"
EndProject
Project("{930C7802-8A8C-48F9-8165-68863BCCD9DD}") = "SetupWithNetCZ", "SetupWithNetCZ\SetupWithNetCZ.wixproj", "{24B15A0B-5AEB-49C4-92E9-130611A9AD7D}"
EndProject
Project("{930C7802-8A8C-48F9-8165-68863BCCD9DD}") = "SetupWithNetEN", "SetupWithNetEN\SetupWithNetEN.wixproj", "{83ADA09A-2BAF-4740-BAC4-272C29808CEE}"
EndProject
Global
	GlobalSection(SolutionConfigurationPlatforms) = preSolution
		debug_online|Any CPU = debug_online|Any CPU
		debug_online|Mixed Platforms = debug_online|Mixed Platforms
		debug_online|x86 = debug_online|x86
		Debug|Any CPU = Debug|Any CPU
		Debug|Mixed Platforms = Debug|Mixed Platforms
		Debug|x86 = Debug|x86
		Release|Any CPU = Release|Any CPU
		Release|Mixed Platforms = Release|Mixed Platforms
		Release|x86 = Release|x86
	EndGlobalSection
	GlobalSection(ProjectConfigurationPlatforms) = postSolution
		{D7836B04-9AB2-44B6-B976-73C2E4420A0B}.debug_online|Any CPU.ActiveCfg = debug_online|x86
		{D7836B04-9AB2-44B6-B976-73C2E4420A0B}.debug_online|Any CPU.Build.0 = debug_online|x86
		{D7836B04-9AB2-44B6-B976-73C2E4420A0B}.debug_online|Mixed Platforms.ActiveCfg = debug_online|x86
		{D7836B04-9AB2-44B6-B976-73C2E4420A0B}.debug_online|Mixed Platforms.Build.0 = debug_online|x86
		{D7836B04-9AB2-44B6-B976-73C2E4420A0B}.debug_online|x86.ActiveCfg = debug_online|x86
		{D7836B04-9AB2-44B6-B976-73C2E4420A0B}.debug_online|x86.Build.0 = debug_online|x86
		{D7836B04-9AB2-44B6-B976-73C2E4420A0B}.Debug|Any CPU.ActiveCfg = Debug|x86
		{D7836B04-9AB2-44B6-B976-73C2E4420A0B}.Debug|Any CPU.Build.0 = Debug|x86
		{D7836B04-9AB2-44B6-B976-73C2E4420A0B}.Debug|Mixed Platforms.ActiveCfg = Debug|x86
		{D7836B04-9AB2-44B6-B976-73C2E4420A0B}.Debug|Mixed Platforms.Build.0 = Debug|x86
		{D7836B04-9AB2-44B6-B976-73C2E4420A0B}.Debug|x86.ActiveCfg = Debug|x86
		{D7836B04-9AB2-44B6-B976-73C2E4420A0B}.Debug|x86.Build.0 = Debug|x86
		{D7836B04-9AB2-44B6-B976-73C2E4420A0B}.Release|Any CPU.ActiveCfg = Release|x86
		{D7836B04-9AB2-44B6-B976-73C2E4420A0B}.Release|Any CPU.Build.0 = Release|x86
		{D7836B04-9AB2-44B6-B976-73C2E4420A0B}.Release|Mixed Platforms.ActiveCfg = Release|x86
		{D7836B04-9AB2-44B6-B976-73C2E4420A0B}.Release|Mixed Platforms.Build.0 = Release|x86
		{D7836B04-9AB2-44B6-B976-73C2E4420A0B}.Release|x86.ActiveCfg = Release|x86
		{D7836B04-9AB2-44B6-B976-73C2E4420A0B}.Release|x86.Build.0 = Release|x86
		{C70B3BB5-998F-4BA5-903F-C4C94A25F141}.debug_online|Any CPU.ActiveCfg = Debug|Any CPU
		{C70B3BB5-998F-4BA5-903F-C4C94A25F141}.debug_online|Any CPU.Build.0 = Debug|Any CPU
		{C70B3BB5-998F-4BA5-903F-C4C94A25F141}.debug_online|Mixed Platforms.ActiveCfg = Debug|Any CPU
		{C70B3BB5-998F-4BA5-903F-C4C94A25F141}.debug_online|Mixed Platforms.Build.0 = Debug|Any CPU
		{C70B3BB5-998F-4BA5-903F-C4C94A25F141}.debug_online|x86.ActiveCfg = Debug|Any CPU
		{C70B3BB5-998F-4BA5-903F-C4C94A25F141}.Debug|Any CPU.ActiveCfg = Debug|Any CPU
		{C70B3BB5-998F-4BA5-903F-C4C94A25F141}.Debug|Any CPU.Build.0 = Debug|Any CPU
		{C70B3BB5-998F-4BA5-903F-C4C94A25F141}.Debug|Mixed Platforms.ActiveCfg = Debug|Any CPU
		{C70B3BB5-998F-4BA5-903F-C4C94A25F141}.Debug|Mixed Platforms.Build.0 = Debug|Any CPU
		{C70B3BB5-998F-4BA5-903F-C4C94A25F141}.Debug|x86.ActiveCfg = Debug|Any CPU
		{C70B3BB5-998F-4BA5-903F-C4C94A25F141}.Debug|x86.Build.0 = Debug|Any CPU
		{C70B3BB5-998F-4BA5-903F-C4C94A25F141}.Release|Any CPU.ActiveCfg = Release|Any CPU
		{C70B3BB5-998F-4BA5-903F-C4C94A25F141}.Release|Any CPU.Build.0 = Release|Any CPU
		{C70B3BB5-998F-4BA5-903F-C4C94A25F141}.Release|Mixed Platforms.ActiveCfg = Release|Any CPU
		{C70B3BB5-998F-4BA5-903F-C4C94A25F141}.Release|Mixed Platforms.Build.0 = Release|Any CPU
		{C70B3BB5-998F-4BA5-903F-C4C94A25F141}.Release|x86.ActiveCfg = Release|Any CPU
		{C70B3BB5-998F-4BA5-903F-C4C94A25F141}.Release|x86.Build.0 = Release|Any CPU
		{6074B170-B13A-479B-BF3F-AD4D1E816CEA}.debug_online|Any CPU.ActiveCfg = Debug|Any CPU
		{6074B170-B13A-479B-BF3F-AD4D1E816CEA}.debug_online|Any CPU.Build.0 = Debug|Any CPU
		{6074B170-B13A-479B-BF3F-AD4D1E816CEA}.debug_online|Mixed Platforms.ActiveCfg = Debug|Any CPU
		{6074B170-B13A-479B-BF3F-AD4D1E816CEA}.debug_online|Mixed Platforms.Build.0 = Debug|Any CPU
		{6074B170-B13A-479B-BF3F-AD4D1E816CEA}.debug_online|x86.ActiveCfg = Debug|Any CPU
		{6074B170-B13A-479B-BF3F-AD4D1E816CEA}.Debug|Any CPU.ActiveCfg = Debug|Any CPU
		{6074B170-B13A-479B-BF3F-AD4D1E816CEA}.Debug|Any CPU.Build.0 = Debug|Any CPU
		{6074B170-B13A-479B-BF3F-AD4D1E816CEA}.Debug|Mixed Platforms.ActiveCfg = Debug|Any CPU
		{6074B170-B13A-479B-BF3F-AD4D1E816CEA}.Debug|Mixed Platforms.Build.0 = Debug|Any CPU
		{6074B170-B13A-479B-BF3F-AD4D1E816CEA}.Debug|x86.ActiveCfg = Debug|Any CPU
		{6074B170-B13A-479B-BF3F-AD4D1E816CEA}.Debug|x86.Build.0 = Debug|Any CPU
		{6074B170-B13A-479B-BF3F-AD4D1E816CEA}.Release|Any CPU.ActiveCfg = Release|Any CPU
		{6074B170-B13A-479B-BF3F-AD4D1E816CEA}.Release|Any CPU.Build.0 = Release|Any CPU
		{6074B170-B13A-479B-BF3F-AD4D1E816CEA}.Release|Mixed Platforms.ActiveCfg = Release|Any CPU
		{6074B170-B13A-479B-BF3F-AD4D1E816CEA}.Release|Mixed Platforms.Build.0 = Release|Any CPU
		{6074B170-B13A-479B-BF3F-AD4D1E816CEA}.Release|x86.ActiveCfg = Release|Any CPU
		{6074B170-B13A-479B-BF3F-AD4D1E816CEA}.Release|x86.Build.0 = Release|Any CPU
		{3C459C1F-8FFB-4590-868A-6051D772BC66}.debug_online|Any CPU.ActiveCfg = Debug|Any CPU
		{3C459C1F-8FFB-4590-868A-6051D772BC66}.debug_online|Any CPU.Build.0 = Debug|Any CPU
		{3C459C1F-8FFB-4590-868A-6051D772BC66}.debug_online|Mixed Platforms.ActiveCfg = Debug|Any CPU
		{3C459C1F-8FFB-4590-868A-6051D772BC66}.debug_online|Mixed Platforms.Build.0 = Debug|Any CPU
		{3C459C1F-8FFB-4590-868A-6051D772BC66}.debug_online|x86.ActiveCfg = Debug|Any CPU
		{3C459C1F-8FFB-4590-868A-6051D772BC66}.Debug|Any CPU.ActiveCfg = Debug|Any CPU
		{3C459C1F-8FFB-4590-868A-6051D772BC66}.Debug|Any CPU.Build.0 = Debug|Any CPU
		{3C459C1F-8FFB-4590-868A-6051D772BC66}.Debug|Mixed Platforms.ActiveCfg = Debug|Any CPU
		{3C459C1F-8FFB-4590-868A-6051D772BC66}.Debug|Mixed Platforms.Build.0 = Debug|Any CPU
		{3C459C1F-8FFB-4590-868A-6051D772BC66}.Debug|x86.ActiveCfg = Debug|Any CPU
		{3C459C1F-8FFB-4590-868A-6051D772BC66}.Debug|x86.Build.0 = Debug|Any CPU
		{3C459C1F-8FFB-4590-868A-6051D772BC66}.Release|Any CPU.ActiveCfg = Release|Any CPU
		{3C459C1F-8FFB-4590-868A-6051D772BC66}.Release|Any CPU.Build.0 = Release|Any CPU
		{3C459C1F-8FFB-4590-868A-6051D772BC66}.Release|Mixed Platforms.ActiveCfg = Release|Any CPU
		{3C459C1F-8FFB-4590-868A-6051D772BC66}.Release|Mixed Platforms.Build.0 = Release|Any CPU
		{3C459C1F-8FFB-4590-868A-6051D772BC66}.Release|x86.ActiveCfg = Release|Any CPU
		{3C459C1F-8FFB-4590-868A-6051D772BC66}.Release|x86.Build.0 = Release|Any CPU
		{29BB5075-D0D7-4820-A897-42F44858EC9C}.debug_online|Any CPU.ActiveCfg = Debug|Any CPU
		{29BB5075-D0D7-4820-A897-42F44858EC9C}.debug_online|Any CPU.Build.0 = Debug|Any CPU
		{29BB5075-D0D7-4820-A897-42F44858EC9C}.debug_online|Mixed Platforms.ActiveCfg = Debug|Any CPU
		{29BB5075-D0D7-4820-A897-42F44858EC9C}.debug_online|Mixed Platforms.Build.0 = Debug|Any CPU
		{29BB5075-D0D7-4820-A897-42F44858EC9C}.debug_online|x86.ActiveCfg = Debug|Any CPU
		{29BB5075-D0D7-4820-A897-42F44858EC9C}.Debug|Any CPU.ActiveCfg = Debug|Any CPU
		{29BB5075-D0D7-4820-A897-42F44858EC9C}.Debug|Any CPU.Build.0 = Debug|Any CPU
		{29BB5075-D0D7-4820-A897-42F44858EC9C}.Debug|Mixed Platforms.ActiveCfg = Debug|Any CPU
		{29BB5075-D0D7-4820-A897-42F44858EC9C}.Debug|Mixed Platforms.Build.0 = Debug|Any CPU
		{29BB5075-D0D7-4820-A897-42F44858EC9C}.Debug|x86.ActiveCfg = Debug|Any CPU
		{29BB5075-D0D7-4820-A897-42F44858EC9C}.Debug|x86.Build.0 = Debug|Any CPU
		{29BB5075-D0D7-4820-A897-42F44858EC9C}.Release|Any CPU.ActiveCfg = Release|Any CPU
		{29BB5075-D0D7-4820-A897-42F44858EC9C}.Release|Any CPU.Build.0 = Release|Any CPU
		{29BB5075-D0D7-4820-A897-42F44858EC9C}.Release|Mixed Platforms.ActiveCfg = Release|Any CPU
		{29BB5075-D0D7-4820-A897-42F44858EC9C}.Release|Mixed Platforms.Build.0 = Release|Any CPU
		{29BB5075-D0D7-4820-A897-42F44858EC9C}.Release|x86.ActiveCfg = Release|Any CPU
		{29BB5075-D0D7-4820-A897-42F44858EC9C}.Release|x86.Build.0 = Release|Any CPU
		{34699257-4E91-48A8-B952-489E67B6C4E9}.debug_online|Any CPU.ActiveCfg = Debug|Any CPU
		{34699257-4E91-48A8-B952-489E67B6C4E9}.debug_online|Any CPU.Build.0 = Debug|Any CPU
		{34699257-4E91-48A8-B952-489E67B6C4E9}.debug_online|Mixed Platforms.ActiveCfg = Debug|Any CPU
		{34699257-4E91-48A8-B952-489E67B6C4E9}.debug_online|Mixed Platforms.Build.0 = Debug|Any CPU
		{34699257-4E91-48A8-B952-489E67B6C4E9}.debug_online|x86.ActiveCfg = Debug|Any CPU
		{34699257-4E91-48A8-B952-489E67B6C4E9}.Debug|Any CPU.ActiveCfg = Debug|Any CPU
		{34699257-4E91-48A8-B952-489E67B6C4E9}.Debug|Any CPU.Build.0 = Debug|Any CPU
		{34699257-4E91-48A8-B952-489E67B6C4E9}.Debug|Mixed Platforms.ActiveCfg = Debug|Any CPU
		{34699257-4E91-48A8-B952-489E67B6C4E9}.Debug|Mixed Platforms.Build.0 = Debug|Any CPU
		{34699257-4E91-48A8-B952-489E67B6C4E9}.Debug|x86.ActiveCfg = Debug|Any CPU
		{34699257-4E91-48A8-B952-489E67B6C4E9}.Debug|x86.Build.0 = Debug|Any CPU
		{34699257-4E91-48A8-B952-489E67B6C4E9}.Release|Any CPU.ActiveCfg = Release|Any CPU
		{34699257-4E91-48A8-B952-489E67B6C4E9}.Release|Any CPU.Build.0 = Release|Any CPU
		{34699257-4E91-48A8-B952-489E67B6C4E9}.Release|Mixed Platforms.ActiveCfg = Release|Any CPU
		{34699257-4E91-48A8-B952-489E67B6C4E9}.Release|Mixed Platforms.Build.0 = Release|Any CPU
		{34699257-4E91-48A8-B952-489E67B6C4E9}.Release|x86.ActiveCfg = Release|Any CPU
		{34699257-4E91-48A8-B952-489E67B6C4E9}.Release|x86.Build.0 = Release|Any CPU
		{7C825F64-161C-404F-AB90-66881368A664}.debug_online|Any CPU.ActiveCfg = Debug|Any CPU
		{7C825F64-161C-404F-AB90-66881368A664}.debug_online|Any CPU.Build.0 = Debug|Any CPU
		{7C825F64-161C-404F-AB90-66881368A664}.debug_online|Mixed Platforms.ActiveCfg = Debug|Any CPU
		{7C825F64-161C-404F-AB90-66881368A664}.debug_online|Mixed Platforms.Build.0 = Debug|Any CPU
		{7C825F64-161C-404F-AB90-66881368A664}.debug_online|x86.ActiveCfg = Debug|Any CPU
		{7C825F64-161C-404F-AB90-66881368A664}.Debug|Any CPU.ActiveCfg = Debug|Any CPU
		{7C825F64-161C-404F-AB90-66881368A664}.Debug|Any CPU.Build.0 = Debug|Any CPU
		{7C825F64-161C-404F-AB90-66881368A664}.Debug|Mixed Platforms.ActiveCfg = Debug|Any CPU
		{7C825F64-161C-404F-AB90-66881368A664}.Debug|Mixed Platforms.Build.0 = Debug|Any CPU
		{7C825F64-161C-404F-AB90-66881368A664}.Debug|x86.ActiveCfg = Debug|Any CPU
		{7C825F64-161C-404F-AB90-66881368A664}.Debug|x86.Build.0 = Debug|Any CPU
		{7C825F64-161C-404F-AB90-66881368A664}.Release|Any CPU.ActiveCfg = Release|Any CPU
		{7C825F64-161C-404F-AB90-66881368A664}.Release|Any CPU.Build.0 = Release|Any CPU
		{7C825F64-161C-404F-AB90-66881368A664}.Release|Mixed Platforms.ActiveCfg = Release|Any CPU
		{7C825F64-161C-404F-AB90-66881368A664}.Release|Mixed Platforms.Build.0 = Release|Any CPU
		{7C825F64-161C-404F-AB90-66881368A664}.Release|x86.ActiveCfg = Release|Any CPU
		{7C825F64-161C-404F-AB90-66881368A664}.Release|x86.Build.0 = Release|Any CPU
		{56190F63-F32A-40D3-8EC6-DE5F0972959A}.debug_online|Any CPU.ActiveCfg = Debug|Any CPU
		{56190F63-F32A-40D3-8EC6-DE5F0972959A}.debug_online|Any CPU.Build.0 = Debug|Any CPU
		{56190F63-F32A-40D3-8EC6-DE5F0972959A}.debug_online|Mixed Platforms.ActiveCfg = Debug|Any CPU
		{56190F63-F32A-40D3-8EC6-DE5F0972959A}.debug_online|Mixed Platforms.Build.0 = Debug|Any CPU
		{56190F63-F32A-40D3-8EC6-DE5F0972959A}.debug_online|x86.ActiveCfg = Debug|Any CPU
		{56190F63-F32A-40D3-8EC6-DE5F0972959A}.Debug|Any CPU.ActiveCfg = Debug|Any CPU
		{56190F63-F32A-40D3-8EC6-DE5F0972959A}.Debug|Any CPU.Build.0 = Debug|Any CPU
		{56190F63-F32A-40D3-8EC6-DE5F0972959A}.Debug|Mixed Platforms.ActiveCfg = Debug|Any CPU
		{56190F63-F32A-40D3-8EC6-DE5F0972959A}.Debug|Mixed Platforms.Build.0 = Debug|Any CPU
		{56190F63-F32A-40D3-8EC6-DE5F0972959A}.Debug|x86.ActiveCfg = Debug|Any CPU
		{56190F63-F32A-40D3-8EC6-DE5F0972959A}.Debug|x86.Build.0 = Debug|Any CPU
		{56190F63-F32A-40D3-8EC6-DE5F0972959A}.Release|Any CPU.ActiveCfg = Release|Any CPU
		{56190F63-F32A-40D3-8EC6-DE5F0972959A}.Release|Any CPU.Build.0 = Release|Any CPU
		{56190F63-F32A-40D3-8EC6-DE5F0972959A}.Release|Mixed Platforms.ActiveCfg = Release|Any CPU
		{56190F63-F32A-40D3-8EC6-DE5F0972959A}.Release|Mixed Platforms.Build.0 = Release|Any CPU
		{56190F63-F32A-40D3-8EC6-DE5F0972959A}.Release|x86.ActiveCfg = Release|Any CPU
		{56190F63-F32A-40D3-8EC6-DE5F0972959A}.Release|x86.Build.0 = Release|Any CPU
		{80737CA6-01DA-4E8C-A2C2-EC9D066D24D6}.debug_online|Any CPU.ActiveCfg = Debug|Any CPU
		{80737CA6-01DA-4E8C-A2C2-EC9D066D24D6}.debug_online|Any CPU.Build.0 = Debug|Any CPU
		{80737CA6-01DA-4E8C-A2C2-EC9D066D24D6}.debug_online|Mixed Platforms.ActiveCfg = Debug|Any CPU
		{80737CA6-01DA-4E8C-A2C2-EC9D066D24D6}.debug_online|Mixed Platforms.Build.0 = Debug|Any CPU
		{80737CA6-01DA-4E8C-A2C2-EC9D066D24D6}.debug_online|x86.ActiveCfg = Debug|Any CPU
		{80737CA6-01DA-4E8C-A2C2-EC9D066D24D6}.Debug|Any CPU.ActiveCfg = Debug|Any CPU
		{80737CA6-01DA-4E8C-A2C2-EC9D066D24D6}.Debug|Any CPU.Build.0 = Debug|Any CPU
		{80737CA6-01DA-4E8C-A2C2-EC9D066D24D6}.Debug|Mixed Platforms.ActiveCfg = Debug|Any CPU
		{80737CA6-01DA-4E8C-A2C2-EC9D066D24D6}.Debug|Mixed Platforms.Build.0 = Debug|Any CPU
		{80737CA6-01DA-4E8C-A2C2-EC9D066D24D6}.Debug|x86.ActiveCfg = Debug|Any CPU
		{80737CA6-01DA-4E8C-A2C2-EC9D066D24D6}.Debug|x86.Build.0 = Debug|Any CPU
		{80737CA6-01DA-4E8C-A2C2-EC9D066D24D6}.Release|Any CPU.ActiveCfg = Release|Any CPU
		{80737CA6-01DA-4E8C-A2C2-EC9D066D24D6}.Release|Any CPU.Build.0 = Release|Any CPU
		{80737CA6-01DA-4E8C-A2C2-EC9D066D24D6}.Release|Mixed Platforms.ActiveCfg = Release|Any CPU
		{80737CA6-01DA-4E8C-A2C2-EC9D066D24D6}.Release|Mixed Platforms.Build.0 = Release|Any CPU
		{80737CA6-01DA-4E8C-A2C2-EC9D066D24D6}.Release|x86.ActiveCfg = Release|Any CPU
		{80737CA6-01DA-4E8C-A2C2-EC9D066D24D6}.Release|x86.Build.0 = Release|Any CPU
		{D5D287C2-178C-494B-BE60-A1FD29FA276E}.debug_online|Any CPU.ActiveCfg = Debug|x86
		{D5D287C2-178C-494B-BE60-A1FD29FA276E}.debug_online|Mixed Platforms.ActiveCfg = Debug|x86
		{D5D287C2-178C-494B-BE60-A1FD29FA276E}.debug_online|x86.ActiveCfg = Debug|x86
		{D5D287C2-178C-494B-BE60-A1FD29FA276E}.Debug|Any CPU.ActiveCfg = Debug|x86
		{D5D287C2-178C-494B-BE60-A1FD29FA276E}.Debug|Mixed Platforms.ActiveCfg = Debug|x86
		{D5D287C2-178C-494B-BE60-A1FD29FA276E}.Debug|Mixed Platforms.Build.0 = Debug|x86
		{D5D287C2-178C-494B-BE60-A1FD29FA276E}.Debug|x86.ActiveCfg = Debug|x86
		{D5D287C2-178C-494B-BE60-A1FD29FA276E}.Debug|x86.Build.0 = Debug|x86
		{D5D287C2-178C-494B-BE60-A1FD29FA276E}.Release|Any CPU.ActiveCfg = Release|x86
		{D5D287C2-178C-494B-BE60-A1FD29FA276E}.Release|Any CPU.Build.0 = Release|x86
		{D5D287C2-178C-494B-BE60-A1FD29FA276E}.Release|Mixed Platforms.ActiveCfg = Release|x86
		{D5D287C2-178C-494B-BE60-A1FD29FA276E}.Release|Mixed Platforms.Build.0 = Release|x86
		{D5D287C2-178C-494B-BE60-A1FD29FA276E}.Release|x86.ActiveCfg = Release|x86
		{D5D287C2-178C-494B-BE60-A1FD29FA276E}.Release|x86.Build.0 = Release|x86
		{C505C2D7-EA76-447F-97E9-C033694D1FAD}.debug_online|Any CPU.ActiveCfg = Debug|Any CPU
		{C505C2D7-EA76-447F-97E9-C033694D1FAD}.debug_online|Any CPU.Build.0 = Debug|Any CPU
		{C505C2D7-EA76-447F-97E9-C033694D1FAD}.debug_online|Mixed Platforms.ActiveCfg = Debug|Any CPU
		{C505C2D7-EA76-447F-97E9-C033694D1FAD}.debug_online|Mixed Platforms.Build.0 = Debug|Any CPU
		{C505C2D7-EA76-447F-97E9-C033694D1FAD}.debug_online|x86.ActiveCfg = Debug|Any CPU
		{C505C2D7-EA76-447F-97E9-C033694D1FAD}.Debug|Any CPU.ActiveCfg = Debug|Any CPU
		{C505C2D7-EA76-447F-97E9-C033694D1FAD}.Debug|Any CPU.Build.0 = Debug|Any CPU
		{C505C2D7-EA76-447F-97E9-C033694D1FAD}.Debug|Mixed Platforms.ActiveCfg = Debug|Any CPU
		{C505C2D7-EA76-447F-97E9-C033694D1FAD}.Debug|Mixed Platforms.Build.0 = Debug|Any CPU
		{C505C2D7-EA76-447F-97E9-C033694D1FAD}.Debug|x86.ActiveCfg = Debug|Any CPU
		{C505C2D7-EA76-447F-97E9-C033694D1FAD}.Release|Any CPU.ActiveCfg = Release|Any CPU
		{C505C2D7-EA76-447F-97E9-C033694D1FAD}.Release|Any CPU.Build.0 = Release|Any CPU
		{C505C2D7-EA76-447F-97E9-C033694D1FAD}.Release|Mixed Platforms.ActiveCfg = Release|Any CPU
		{C505C2D7-EA76-447F-97E9-C033694D1FAD}.Release|Mixed Platforms.Build.0 = Release|Any CPU
		{C505C2D7-EA76-447F-97E9-C033694D1FAD}.Release|x86.ActiveCfg = Release|Any CPU
		{24B15A0B-5AEB-49C4-92E9-130611A9AD7D}.debug_online|Any CPU.ActiveCfg = Debug|x86
		{24B15A0B-5AEB-49C4-92E9-130611A9AD7D}.debug_online|Mixed Platforms.ActiveCfg = Debug|x86
		{24B15A0B-5AEB-49C4-92E9-130611A9AD7D}.debug_online|Mixed Platforms.Build.0 = Debug|x86
		{24B15A0B-5AEB-49C4-92E9-130611A9AD7D}.debug_online|x86.ActiveCfg = Debug|x86
		{24B15A0B-5AEB-49C4-92E9-130611A9AD7D}.debug_online|x86.Build.0 = Debug|x86
		{24B15A0B-5AEB-49C4-92E9-130611A9AD7D}.Debug|Any CPU.ActiveCfg = Debug|x86
		{24B15A0B-5AEB-49C4-92E9-130611A9AD7D}.Debug|Mixed Platforms.ActiveCfg = Debug|x86
		{24B15A0B-5AEB-49C4-92E9-130611A9AD7D}.Debug|Mixed Platforms.Build.0 = Debug|x86
		{24B15A0B-5AEB-49C4-92E9-130611A9AD7D}.Debug|x86.ActiveCfg = Debug|x86
		{24B15A0B-5AEB-49C4-92E9-130611A9AD7D}.Debug|x86.Build.0 = Debug|x86
		{24B15A0B-5AEB-49C4-92E9-130611A9AD7D}.Release|Any CPU.ActiveCfg = Release|x86
		{24B15A0B-5AEB-49C4-92E9-130611A9AD7D}.Release|Any CPU.Build.0 = Release|x86
		{24B15A0B-5AEB-49C4-92E9-130611A9AD7D}.Release|Mixed Platforms.ActiveCfg = Release|x86
		{24B15A0B-5AEB-49C4-92E9-130611A9AD7D}.Release|Mixed Platforms.Build.0 = Release|x86
		{24B15A0B-5AEB-49C4-92E9-130611A9AD7D}.Release|x86.ActiveCfg = Release|x86
		{24B15A0B-5AEB-49C4-92E9-130611A9AD7D}.Release|x86.Build.0 = Release|x86
		{83ADA09A-2BAF-4740-BAC4-272C29808CEE}.debug_online|Any CPU.ActiveCfg = Debug|x86
		{83ADA09A-2BAF-4740-BAC4-272C29808CEE}.debug_online|Mixed Platforms.ActiveCfg = Debug|x86
		{83ADA09A-2BAF-4740-BAC4-272C29808CEE}.debug_online|Mixed Platforms.Build.0 = Debug|x86
		{83ADA09A-2BAF-4740-BAC4-272C29808CEE}.debug_online|x86.ActiveCfg = Debug|x86
		{83ADA09A-2BAF-4740-BAC4-272C29808CEE}.debug_online|x86.Build.0 = Debug|x86
		{83ADA09A-2BAF-4740-BAC4-272C29808CEE}.Debug|Any CPU.ActiveCfg = Debug|x86
		{83ADA09A-2BAF-4740-BAC4-272C29808CEE}.Debug|Mixed Platforms.ActiveCfg = Debug|x86
		{83ADA09A-2BAF-4740-BAC4-272C29808CEE}.Debug|Mixed Platforms.Build.0 = Debug|x86
		{83ADA09A-2BAF-4740-BAC4-272C29808CEE}.Debug|x86.ActiveCfg = Debug|x86
		{83ADA09A-2BAF-4740-BAC4-272C29808CEE}.Debug|x86.Build.0 = Debug|x86
		{83ADA09A-2BAF-4740-BAC4-272C29808CEE}.Release|Any CPU.ActiveCfg = Release|x86
		{83ADA09A-2BAF-4740-BAC4-272C29808CEE}.Release|Any CPU.Build.0 = Release|x86
		{83ADA09A-2BAF-4740-BAC4-272C29808CEE}.Release|Mixed Platforms.ActiveCfg = Release|x86
		{83ADA09A-2BAF-4740-BAC4-272C29808CEE}.Release|Mixed Platforms.Build.0 = Release|x86
		{83ADA09A-2BAF-4740-BAC4-272C29808CEE}.Release|x86.ActiveCfg = Release|x86
		{83ADA09A-2BAF-4740-BAC4-272C29808CEE}.Release|x86.Build.0 = Release|x86
	EndGlobalSection
	GlobalSection(SolutionProperties) = preSolution
		HideSolutionNode = FALSE
	EndGlobalSection
	GlobalSection(NDepend) = preSolution
		Project = ""
	EndGlobalSection
EndGlobal
